
Microsoft Visual Studio Solution File, Format Version 12.00
# Visual Studio Version 17
VisualStudioVersion = 17.8.34330.188
MinimumVisualStudioVersion = 10.0.40219.1
Project("{FAE04EC0-301F-11D3-BF4B-00C04F79EFBC}") = "Ex04.Menus. Interfaces", "Ex04.Menus. Interfaces\Ex04.Menus. Interfaces.csproj", "{74B4FBA1-2A00-443A-9BF3-AB5EA07C4527}"
EndProject
Project("{FAE04EC0-301F-11D3-BF4B-00C04F79EFBC}") = "Ex04.Menus.Delegates", "Ex04.Menus.Delegates\Ex04.Menus.Delegates.csproj", "{B8868209-F22D-48A2-B147-7B77A10469BF}"
EndProject
Project("{FAE04EC0-301F-11D3-BF4B-00C04F79EFBC}") = "Ex04.Menus.Test", "Ex04.Menus.Test\Ex04.Menus.Test.csproj", "{886ED5D2-1EA3-42DC-94C6-27094C8F78F2}"
EndProject
Global
	GlobalSection(SolutionConfigurationPlatforms) = preSolution
		Debug|Any CPU = Debug|Any CPU
		Release|Any CPU = Release|Any CPU
	EndGlobalSection
	GlobalSection(ProjectConfigurationPlatforms) = postSolution
		{74B4FBA1-2A00-443A-9BF3-AB5EA07C4527}.Debug|Any CPU.ActiveCfg = Debug|Any CPU
		{74B4FBA1-2A00-443A-9BF3-AB5EA07C4527}.Debug|Any CPU.Build.0 = Debug|Any CPU
		{74B4FBA1-2A00-443A-9BF3-AB5EA07C4527}.Release|Any CPU.ActiveCfg = Release|Any CPU
		{74B4FBA1-2A00-443A-9BF3-AB5EA07C4527}.Release|Any CPU.Build.0 = Release|Any CPU
		{B8868209-F22D-48A2-B147-7B77A10469BF}.Debug|Any CPU.ActiveCfg = Debug|Any CPU
		{B8868209-F22D-48A2-B147-7B77A10469BF}.Debug|Any CPU.Build.0 = Debug|Any CPU
		{B8868209-F22D-48A2-B147-7B77A10469BF}.Release|Any CPU.ActiveCfg = Release|Any CPU
		{B8868209-F22D-48A2-B147-7B77A10469BF}.Release|Any CPU.Build.0 = Release|Any CPU
		{886ED5D2-1EA3-42DC-94C6-27094C8F78F2}.Debug|Any CPU.ActiveCfg = Debug|Any CPU
		{886ED5D2-1EA3-42DC-94C6-27094C8F78F2}.Debug|Any CPU.Build.0 = Debug|Any CPU
		{886ED5D2-1EA3-42DC-94C6-27094C8F78F2}.Release|Any CPU.ActiveCfg = Release|Any CPU
		{886ED5D2-1EA3-42DC-94C6-27094C8F78F2}.Release|Any CPU.Build.0 = Release|Any CPU
	EndGlobalSection
	GlobalSection(SolutionProperties) = preSolution
		HideSolutionNode = FALSE
	EndGlobalSection
	GlobalSection(ExtensibilityGlobals) = postSolution
		SolutionGuid = {0BC8398F-6E56-494D-B282-CADEDE704EAA}
	EndGlobalSection
EndGlobal
